// !$*UTF8*$!
{
	archiveVersion = 1;
	classes = {
	};
	objectVersion = 56;
	objects = {

/* Begin PBXBuildFile section */
		F11BA1372A79208E00C6024F /* Todo.swift in Sources */ = {isa = PBXBuildFile; fileRef = F11BA1362A79208E00C6024F /* Todo.swift */; };
		F11BA13C2A79262600C6024F /* TodoTableViewCell.swift in Sources */ = {isa = PBXBuildFile; fileRef = F11BA1382A79261E00C6024F /* TodoTableViewCell.swift */; };
		F11BA13E2A792D7300C6024F /* TodoListViewController.storyboard in Resources */ = {isa = PBXBuildFile; fileRef = F19D0A362A77E911007D96B8 /* TodoListViewController.storyboard */; };
		F11BA13F2A792D7700C6024F /* TodoTableViewCell.xib in Resources */ = {isa = PBXBuildFile; fileRef = F11BA1392A79261E00C6024F /* TodoTableViewCell.xib */; };
		F11BA1472A794CA500C6024F /* TodoCompleteViewController.swift in Sources */ = {isa = PBXBuildFile; fileRef = F11BA1462A794CA500C6024F /* TodoCompleteViewController.swift */; };
		F11BA1482A79501700C6024F /* TodoCompleteViewController.storyboard in Resources */ = {isa = PBXBuildFile; fileRef = F11BA1442A794C9600C6024F /* TodoCompleteViewController.storyboard */; };
		F11BA14D2A79525500C6024F /* ToDoCompleteCollectionViewCell.swift in Sources */ = {isa = PBXBuildFile; fileRef = F11BA1492A79524F00C6024F /* ToDoCompleteCollectionViewCell.swift */; };
		F11BA14E2A79526000C6024F /* ToDoCompleteCollectionViewCell.xib in Resources */ = {isa = PBXBuildFile; fileRef = F11BA14A2A79524F00C6024F /* ToDoCompleteCollectionViewCell.xib */; };
		F11BA1502A7962EE00C6024F /* UISwitch+.swift in Sources */ = {isa = PBXBuildFile; fileRef = F11BA14F2A7962EE00C6024F /* UISwitch+.swift */; };
		F11BA1522A79705B00C6024F /* UINavigationBar+.swift in Sources */ = {isa = PBXBuildFile; fileRef = F11BA1512A79705B00C6024F /* UINavigationBar+.swift */; };
		F11BA1562A7AA95A00C6024F /* TodoRepository.swift in Sources */ = {isa = PBXBuildFile; fileRef = F11BA1552A7AA95A00C6024F /* TodoRepository.swift */; };
		F11BA1582A7AA96200C6024F /* TodoProvider.swift in Sources */ = {isa = PBXBuildFile; fileRef = F11BA1572A7AA96200C6024F /* TodoProvider.swift */; };
		F11BA15C2A7AACC800C6024F /* TodoAddViewController.swift in Sources */ = {isa = PBXBuildFile; fileRef = F11BA15B2A7AACC800C6024F /* TodoAddViewController.swift */; };
		F11BA15D2A7AAD3600C6024F /* TodoAddViewController.storyboard in Resources */ = {isa = PBXBuildFile; fileRef = F11BA1592A7AACB600C6024F /* TodoAddViewController.storyboard */; };
		F11BA15F2A7AB9DE00C6024F /* UIView+Design.swift in Sources */ = {isa = PBXBuildFile; fileRef = F11BA15E2A7AB9DE00C6024F /* UIView+Design.swift */; };
		F11BA1652A7ABEDE00C6024F /* DatePickerViewController.swift in Sources */ = {isa = PBXBuildFile; fileRef = F11BA1642A7ABEDE00C6024F /* DatePickerViewController.swift */; };
		F11BA1662A7ABEEE00C6024F /* DatePickerViewController.storyboard in Resources */ = {isa = PBXBuildFile; fileRef = F11BA1622A7ABECF00C6024F /* DatePickerViewController.storyboard */; };
		F11BA1672A7ABEF100C6024F /* DatePickerViewController.storyboard in Resources */ = {isa = PBXBuildFile; fileRef = F11BA1622A7ABECF00C6024F /* DatePickerViewController.storyboard */; };
		F11BA1692A7AC13200C6024F /* DatePickerPresentationController.swift in Sources */ = {isa = PBXBuildFile; fileRef = F11BA1682A7AC13200C6024F /* DatePickerPresentationController.swift */; };
		F11BA16B2A7AC61C00C6024F /* Date+Format.swift in Sources */ = {isa = PBXBuildFile; fileRef = F11BA16A2A7AC61C00C6024F /* Date+Format.swift */; };
		F144A3952A780BB2007564FD /* TodoViewController.storyboard in Resources */ = {isa = PBXBuildFile; fileRef = F144A3942A780BB2007564FD /* TodoViewController.storyboard */; };
		F144A39F2A78120E007564FD /* Resource.docc in Sources */ = {isa = PBXBuildFile; fileRef = F144A39E2A78120E007564FD /* Resource.docc */; };
		F144A3A02A78120E007564FD /* Resource.h in Headers */ = {isa = PBXBuildFile; fileRef = F144A39D2A78120E007564FD /* Resource.h */; settings = {ATTRIBUTES = (Public, ); }; };
		F144A3A32A78120E007564FD /* Resource.framework in Frameworks */ = {isa = PBXBuildFile; fileRef = F144A39B2A78120E007564FD /* Resource.framework */; };
		F144A3A42A78120E007564FD /* Resource.framework in Embed Frameworks */ = {isa = PBXBuildFile; fileRef = F144A39B2A78120E007564FD /* Resource.framework */; settings = {ATTRIBUTES = (CodeSignOnCopy, RemoveHeadersOnCopy, ); }; };
		F144A3AA2A781256007564FD /* Resource.swift in Sources */ = {isa = PBXBuildFile; fileRef = F144A3A92A781256007564FD /* Resource.swift */; };
		F144A3AC2A78143C007564FD /* NSObject+.swift in Sources */ = {isa = PBXBuildFile; fileRef = F19D0A382A77FBEE007D96B8 /* NSObject+.swift */; };
		F19D0A1F2A77E823007D96B8 /* AppDelegate.swift in Sources */ = {isa = PBXBuildFile; fileRef = F19D0A1E2A77E823007D96B8 /* AppDelegate.swift */; };
		F19D0A212A77E823007D96B8 /* SceneDelegate.swift in Sources */ = {isa = PBXBuildFile; fileRef = F19D0A202A77E823007D96B8 /* SceneDelegate.swift */; };
		F19D0A232A77E823007D96B8 /* TodoViewController.swift in Sources */ = {isa = PBXBuildFile; fileRef = F19D0A222A77E823007D96B8 /* TodoViewController.swift */; };
		F19D0A282A77E825007D96B8 /* Assets.xcassets in Resources */ = {isa = PBXBuildFile; fileRef = F19D0A272A77E825007D96B8 /* Assets.xcassets */; };
		F19D0A2B2A77E825007D96B8 /* LaunchScreen.storyboard in Resources */ = {isa = PBXBuildFile; fileRef = F19D0A292A77E825007D96B8 /* LaunchScreen.storyboard */; };
		F19D0A332A77E83E007D96B8 /* HomeView.storyboard in Resources */ = {isa = PBXBuildFile; fileRef = F19D0A322A77E83E007D96B8 /* HomeView.storyboard */; };
		F19D0A352A77E875007D96B8 /* TodoListViewController.swift in Sources */ = {isa = PBXBuildFile; fileRef = F19D0A342A77E875007D96B8 /* TodoListViewController.swift */; };
		F1B071782A7BECE40047BEBF /* UIViewController+.swift in Sources */ = {isa = PBXBuildFile; fileRef = F1B071772A7BECE30047BEBF /* UIViewController+.swift */; };
		F1B0717A2A7BEF960047BEBF /* ImageProvider.swift in Sources */ = {isa = PBXBuildFile; fileRef = F1B071792A7BEF960047BEBF /* ImageProvider.swift */; };
		F1B0717C2A7C137E0047BEBF /* UIImage+.swift in Sources */ = {isa = PBXBuildFile; fileRef = F1B0717B2A7C137E0047BEBF /* UIImage+.swift */; };
/* End PBXBuildFile section */

/* Begin PBXContainerItemProxy section */
		F144A3A12A78120E007564FD /* PBXContainerItemProxy */ = {
			isa = PBXContainerItemProxy;
			containerPortal = F19D0A132A77E823007D96B8 /* Project object */;
			proxyType = 1;
			remoteGlobalIDString = F144A39A2A78120E007564FD;
			remoteInfo = Resource;
		};
/* End PBXContainerItemProxy section */

/* Begin PBXCopyFilesBuildPhase section */
		F144A3A82A78120E007564FD /* Embed Frameworks */ = {
			isa = PBXCopyFilesBuildPhase;
			buildActionMask = 2147483647;
			dstPath = "";
			dstSubfolderSpec = 10;
			files = (
				F144A3A42A78120E007564FD /* Resource.framework in Embed Frameworks */,
			);
			name = "Embed Frameworks";
			runOnlyForDeploymentPostprocessing = 0;
		};
/* End PBXCopyFilesBuildPhase section */

/* Begin PBXFileReference section */
		F11BA1362A79208E00C6024F /* Todo.swift */ = {isa = PBXFileReference; lastKnownFileType = sourcecode.swift; path = Todo.swift; sourceTree = "<group>"; };
		F11BA1382A79261E00C6024F /* TodoTableViewCell.swift */ = {isa = PBXFileReference; lastKnownFileType = sourcecode.swift; path = TodoTableViewCell.swift; sourceTree = "<group>"; };
		F11BA1392A79261E00C6024F /* TodoTableViewCell.xib */ = {isa = PBXFileReference; lastKnownFileType = file.xib; path = TodoTableViewCell.xib; sourceTree = "<group>"; };
		F11BA1442A794C9600C6024F /* TodoCompleteViewController.storyboard */ = {isa = PBXFileReference; lastKnownFileType = file.storyboard; path = TodoCompleteViewController.storyboard; sourceTree = "<group>"; };
		F11BA1462A794CA500C6024F /* TodoCompleteViewController.swift */ = {isa = PBXFileReference; lastKnownFileType = sourcecode.swift; path = TodoCompleteViewController.swift; sourceTree = "<group>"; };
		F11BA1492A79524F00C6024F /* ToDoCompleteCollectionViewCell.swift */ = {isa = PBXFileReference; lastKnownFileType = sourcecode.swift; path = ToDoCompleteCollectionViewCell.swift; sourceTree = "<group>"; };
		F11BA14A2A79524F00C6024F /* ToDoCompleteCollectionViewCell.xib */ = {isa = PBXFileReference; lastKnownFileType = file.xib; path = ToDoCompleteCollectionViewCell.xib; sourceTree = "<group>"; };
		F11BA14F2A7962EE00C6024F /* UISwitch+.swift */ = {isa = PBXFileReference; lastKnownFileType = sourcecode.swift; path = "UISwitch+.swift"; sourceTree = "<group>"; };
		F11BA1512A79705B00C6024F /* UINavigationBar+.swift */ = {isa = PBXFileReference; lastKnownFileType = sourcecode.swift; path = "UINavigationBar+.swift"; sourceTree = "<group>"; };
		F11BA1552A7AA95A00C6024F /* TodoRepository.swift */ = {isa = PBXFileReference; lastKnownFileType = sourcecode.swift; path = TodoRepository.swift; sourceTree = "<group>"; };
		F11BA1572A7AA96200C6024F /* TodoProvider.swift */ = {isa = PBXFileReference; lastKnownFileType = sourcecode.swift; path = TodoProvider.swift; sourceTree = "<group>"; };
		F11BA1592A7AACB600C6024F /* TodoAddViewController.storyboard */ = {isa = PBXFileReference; lastKnownFileType = file.storyboard; path = TodoAddViewController.storyboard; sourceTree = "<group>"; };
		F11BA15B2A7AACC800C6024F /* TodoAddViewController.swift */ = {isa = PBXFileReference; lastKnownFileType = sourcecode.swift; path = TodoAddViewController.swift; sourceTree = "<group>"; };
		F11BA15E2A7AB9DE00C6024F /* UIView+Design.swift */ = {isa = PBXFileReference; lastKnownFileType = sourcecode.swift; path = "UIView+Design.swift"; sourceTree = "<group>"; };
		F11BA1622A7ABECF00C6024F /* DatePickerViewController.storyboard */ = {isa = PBXFileReference; lastKnownFileType = file.storyboard; path = DatePickerViewController.storyboard; sourceTree = "<group>"; };
		F11BA1642A7ABEDE00C6024F /* DatePickerViewController.swift */ = {isa = PBXFileReference; lastKnownFileType = sourcecode.swift; path = DatePickerViewController.swift; sourceTree = "<group>"; };
		F11BA1682A7AC13200C6024F /* DatePickerPresentationController.swift */ = {isa = PBXFileReference; lastKnownFileType = sourcecode.swift; path = DatePickerPresentationController.swift; sourceTree = "<group>"; };
		F11BA16A2A7AC61C00C6024F /* Date+Format.swift */ = {isa = PBXFileReference; lastKnownFileType = sourcecode.swift; path = "Date+Format.swift"; sourceTree = "<group>"; };
		F144A3942A780BB2007564FD /* TodoViewController.storyboard */ = {isa = PBXFileReference; lastKnownFileType = file.storyboard; path = TodoViewController.storyboard; sourceTree = "<group>"; };
		F144A39B2A78120E007564FD /* Resource.framework */ = {isa = PBXFileReference; explicitFileType = wrapper.framework; includeInIndex = 0; path = Resource.framework; sourceTree = BUILT_PRODUCTS_DIR; };
		F144A39D2A78120E007564FD /* Resource.h */ = {isa = PBXFileReference; lastKnownFileType = sourcecode.c.h; path = Resource.h; sourceTree = "<group>"; };
		F144A39E2A78120E007564FD /* Resource.docc */ = {isa = PBXFileReference; lastKnownFileType = folder.documentationcatalog; path = Resource.docc; sourceTree = "<group>"; };
		F144A3A92A781256007564FD /* Resource.swift */ = {isa = PBXFileReference; lastKnownFileType = sourcecode.swift; path = Resource.swift; sourceTree = "<group>"; };
		F19D0A1B2A77E823007D96B8 /* ToDoApp.app */ = {isa = PBXFileReference; explicitFileType = wrapper.application; includeInIndex = 0; path = ToDoApp.app; sourceTree = BUILT_PRODUCTS_DIR; };
		F19D0A1E2A77E823007D96B8 /* AppDelegate.swift */ = {isa = PBXFileReference; lastKnownFileType = sourcecode.swift; path = AppDelegate.swift; sourceTree = "<group>"; };
		F19D0A202A77E823007D96B8 /* SceneDelegate.swift */ = {isa = PBXFileReference; lastKnownFileType = sourcecode.swift; path = SceneDelegate.swift; sourceTree = "<group>"; };
		F19D0A222A77E823007D96B8 /* TodoViewController.swift */ = {isa = PBXFileReference; lastKnownFileType = sourcecode.swift; path = TodoViewController.swift; sourceTree = "<group>"; };
		F19D0A272A77E825007D96B8 /* Assets.xcassets */ = {isa = PBXFileReference; lastKnownFileType = folder.assetcatalog; path = Assets.xcassets; sourceTree = "<group>"; };
		F19D0A2A2A77E825007D96B8 /* Base */ = {isa = PBXFileReference; lastKnownFileType = file.storyboard; name = Base; path = Base.lproj/LaunchScreen.storyboard; sourceTree = "<group>"; };
		F19D0A2C2A77E825007D96B8 /* Info.plist */ = {isa = PBXFileReference; lastKnownFileType = text.plist.xml; path = Info.plist; sourceTree = "<group>"; };
		F19D0A322A77E83E007D96B8 /* HomeView.storyboard */ = {isa = PBXFileReference; lastKnownFileType = file.storyboard; path = HomeView.storyboard; sourceTree = "<group>"; };
		F19D0A342A77E875007D96B8 /* TodoListViewController.swift */ = {isa = PBXFileReference; lastKnownFileType = sourcecode.swift; path = TodoListViewController.swift; sourceTree = "<group>"; };
		F19D0A362A77E911007D96B8 /* TodoListViewController.storyboard */ = {isa = PBXFileReference; lastKnownFileType = file.storyboard; path = TodoListViewController.storyboard; sourceTree = "<group>"; };
		F19D0A382A77FBEE007D96B8 /* NSObject+.swift */ = {isa = PBXFileReference; lastKnownFileType = sourcecode.swift; path = "NSObject+.swift"; sourceTree = "<group>"; };
		F1B071772A7BECE30047BEBF /* UIViewController+.swift */ = {isa = PBXFileReference; lastKnownFileType = sourcecode.swift; path = "UIViewController+.swift"; sourceTree = "<group>"; };
		F1B071792A7BEF960047BEBF /* ImageProvider.swift */ = {isa = PBXFileReference; lastKnownFileType = sourcecode.swift; path = ImageProvider.swift; sourceTree = "<group>"; };
		F1B0717B2A7C137E0047BEBF /* UIImage+.swift */ = {isa = PBXFileReference; lastKnownFileType = sourcecode.swift; path = "UIImage+.swift"; sourceTree = "<group>"; };
/* End PBXFileReference section */

/* Begin PBXFrameworksBuildPhase section */
		F144A3982A78120E007564FD /* Frameworks */ = {
			isa = PBXFrameworksBuildPhase;
			buildActionMask = 2147483647;
			files = (
			);
			runOnlyForDeploymentPostprocessing = 0;
		};
		F19D0A182A77E823007D96B8 /* Frameworks */ = {
			isa = PBXFrameworksBuildPhase;
			buildActionMask = 2147483647;
			files = (
				F144A3A32A78120E007564FD /* Resource.framework in Frameworks */,
			);
			runOnlyForDeploymentPostprocessing = 0;
		};
/* End PBXFrameworksBuildPhase section */

/* Begin PBXGroup section */
		F11BA1352A79208800C6024F /* Model */ = {
			isa = PBXGroup;
			children = (
				F11BA1362A79208E00C6024F /* Todo.swift */,
			);
			path = Model;
			sourceTree = "<group>";
		};
		F11BA1402A794C1F00C6024F /* Storyboard */ = {
			isa = PBXGroup;
			children = (
				F19D0A292A77E825007D96B8 /* LaunchScreen.storyboard */,
				F19D0A322A77E83E007D96B8 /* HomeView.storyboard */,
				F144A3942A780BB2007564FD /* TodoViewController.storyboard */,
				F19D0A362A77E911007D96B8 /* TodoListViewController.storyboard */,
				F11BA1442A794C9600C6024F /* TodoCompleteViewController.storyboard */,
				F11BA1392A79261E00C6024F /* TodoTableViewCell.xib */,
				F11BA14A2A79524F00C6024F /* ToDoCompleteCollectionViewCell.xib */,
				F11BA1592A7AACB600C6024F /* TodoAddViewController.storyboard */,
				F11BA1622A7ABECF00C6024F /* DatePickerViewController.storyboard */,
			);
			path = Storyboard;
			sourceTree = "<group>";
		};
		F11BA1412A794C3800C6024F /* ViewController */ = {
			isa = PBXGroup;
			children = (
				F19D0A222A77E823007D96B8 /* TodoViewController.swift */,
				F19D0A342A77E875007D96B8 /* TodoListViewController.swift */,
				F11BA1382A79261E00C6024F /* TodoTableViewCell.swift */,
				F11BA1462A794CA500C6024F /* TodoCompleteViewController.swift */,
				F11BA1492A79524F00C6024F /* ToDoCompleteCollectionViewCell.swift */,
				F11BA15B2A7AACC800C6024F /* TodoAddViewController.swift */,
				F11BA1642A7ABEDE00C6024F /* DatePickerViewController.swift */,
				F11BA1682A7AC13200C6024F /* DatePickerPresentationController.swift */,
			);
			path = ViewController;
			sourceTree = "<group>";
		};
		F11BA1422A794C4300C6024F /* Extension */ = {
			isa = PBXGroup;
			children = (
				F19D0A382A77FBEE007D96B8 /* NSObject+.swift */,
				F11BA14F2A7962EE00C6024F /* UISwitch+.swift */,
				F11BA1512A79705B00C6024F /* UINavigationBar+.swift */,
				F11BA15E2A7AB9DE00C6024F /* UIView+Design.swift */,
				F11BA16A2A7AC61C00C6024F /* Date+Format.swift */,
				F1B071772A7BECE30047BEBF /* UIViewController+.swift */,
				F1B0717B2A7C137E0047BEBF /* UIImage+.swift */,
			);
			path = Extension;
			sourceTree = "<group>";
		};
		F11BA1432A794C4900C6024F /* App */ = {
			isa = PBXGroup;
			children = (
				F19D0A1E2A77E823007D96B8 /* AppDelegate.swift */,
				F19D0A202A77E823007D96B8 /* SceneDelegate.swift */,
				F19D0A2C2A77E825007D96B8 /* Info.plist */,
			);
			path = App;
			sourceTree = "<group>";
		};
		F11BA1532A7AA93A00C6024F /* Provider */ = {
			isa = PBXGroup;
			children = (
				F11BA1572A7AA96200C6024F /* TodoProvider.swift */,
				F1B071792A7BEF960047BEBF /* ImageProvider.swift */,
			);
			path = Provider;
			sourceTree = "<group>";
		};
		F11BA1542A7AA94100C6024F /* Repository */ = {
			isa = PBXGroup;
			children = (
				F11BA1552A7AA95A00C6024F /* TodoRepository.swift */,
			);
			path = Repository;
			sourceTree = "<group>";
		};
		F144A39C2A78120E007564FD /* Resource */ = {
			isa = PBXGroup;
			children = (
				F144A3A92A781256007564FD /* Resource.swift */,
				F19D0A272A77E825007D96B8 /* Assets.xcassets */,
				F11BA1402A794C1F00C6024F /* Storyboard */,
				F144A39D2A78120E007564FD /* Resource.h */,
				F144A39E2A78120E007564FD /* Resource.docc */,
			);
			path = Resource;
			sourceTree = "<group>";
		};
		F19D0A122A77E823007D96B8 = {
			isa = PBXGroup;
			children = (
				F19D0A1D2A77E823007D96B8 /* ToDoApp */,
				F144A39C2A78120E007564FD /* Resource */,
				F19D0A1C2A77E823007D96B8 /* Products */,
			);
			sourceTree = "<group>";
		};
		F19D0A1C2A77E823007D96B8 /* Products */ = {
			isa = PBXGroup;
			children = (
				F19D0A1B2A77E823007D96B8 /* ToDoApp.app */,
				F144A39B2A78120E007564FD /* Resource.framework */,
			);
			name = Products;
			sourceTree = "<group>";
		};
		F19D0A1D2A77E823007D96B8 /* ToDoApp */ = {
			isa = PBXGroup;
			children = (
				F11BA1532A7AA93A00C6024F /* Provider */,
				F11BA1542A7AA94100C6024F /* Repository */,
				F11BA1432A794C4900C6024F /* App */,
				F11BA1422A794C4300C6024F /* Extension */,
				F11BA1412A794C3800C6024F /* ViewController */,
				F11BA1352A79208800C6024F /* Model */,
			);
			path = ToDoApp;
			sourceTree = "<group>";
		};
/* End PBXGroup section */

/* Begin PBXHeadersBuildPhase section */
		F144A3962A78120E007564FD /* Headers */ = {
			isa = PBXHeadersBuildPhase;
			buildActionMask = 2147483647;
			files = (
				F144A3A02A78120E007564FD /* Resource.h in Headers */,
			);
			runOnlyForDeploymentPostprocessing = 0;
		};
/* End PBXHeadersBuildPhase section */

/* Begin PBXNativeTarget section */
		F144A39A2A78120E007564FD /* Resource */ = {
			isa = PBXNativeTarget;
			buildConfigurationList = F144A3A52A78120E007564FD /* Build configuration list for PBXNativeTarget "Resource" */;
			buildPhases = (
				F144A3962A78120E007564FD /* Headers */,
				F144A3972A78120E007564FD /* Sources */,
				F144A3982A78120E007564FD /* Frameworks */,
				F144A3992A78120E007564FD /* Resources */,
			);
			buildRules = (
			);
			dependencies = (
			);
			name = Resource;
			productName = Resource;
			productReference = F144A39B2A78120E007564FD /* Resource.framework */;
			productType = "com.apple.product-type.framework";
		};
		F19D0A1A2A77E823007D96B8 /* ToDoApp */ = {
			isa = PBXNativeTarget;
			buildConfigurationList = F19D0A2F2A77E825007D96B8 /* Build configuration list for PBXNativeTarget "ToDoApp" */;
			buildPhases = (
				F19D0A172A77E823007D96B8 /* Sources */,
				F19D0A182A77E823007D96B8 /* Frameworks */,
				F19D0A192A77E823007D96B8 /* Resources */,
				F144A3A82A78120E007564FD /* Embed Frameworks */,
			);
			buildRules = (
			);
			dependencies = (
				F144A3A22A78120E007564FD /* PBXTargetDependency */,
			);
			name = ToDoApp;
			productName = ToDoApp;
			productReference = F19D0A1B2A77E823007D96B8 /* ToDoApp.app */;
			productType = "com.apple.product-type.application";
		};
/* End PBXNativeTarget section */

/* Begin PBXProject section */
		F19D0A132A77E823007D96B8 /* Project object */ = {
			isa = PBXProject;
			attributes = {
				BuildIndependentTargetsInParallel = 1;
				LastSwiftUpdateCheck = 1420;
				LastUpgradeCheck = 1420;
				TargetAttributes = {
					F144A39A2A78120E007564FD = {
						CreatedOnToolsVersion = 14.2;
					};
					F19D0A1A2A77E823007D96B8 = {
						CreatedOnToolsVersion = 14.2;
					};
				};
			};
			buildConfigurationList = F19D0A162A77E823007D96B8 /* Build configuration list for PBXProject "ToDoApp" */;
			compatibilityVersion = "Xcode 14.0";
			developmentRegion = en;
			hasScannedForEncodings = 0;
			knownRegions = (
				en,
				Base,
			);
			mainGroup = F19D0A122A77E823007D96B8;
			productRefGroup = F19D0A1C2A77E823007D96B8 /* Products */;
			projectDirPath = "";
			projectRoot = "";
			targets = (
				F19D0A1A2A77E823007D96B8 /* ToDoApp */,
				F144A39A2A78120E007564FD /* Resource */,
			);
		};
/* End PBXProject section */

/* Begin PBXResourcesBuildPhase section */
		F144A3992A78120E007564FD /* Resources */ = {
			isa = PBXResourcesBuildPhase;
			buildActionMask = 2147483647;
			files = (
				F11BA1672A7ABEF100C6024F /* DatePickerViewController.storyboard in Resources */,
			);
			runOnlyForDeploymentPostprocessing = 0;
		};
		F19D0A192A77E823007D96B8 /* Resources */ = {
			isa = PBXResourcesBuildPhase;
			buildActionMask = 2147483647;
			files = (
				F144A3952A780BB2007564FD /* TodoViewController.storyboard in Resources */,
				F19D0A2B2A77E825007D96B8 /* LaunchScreen.storyboard in Resources */,
				F19D0A282A77E825007D96B8 /* Assets.xcassets in Resources */,
				F11BA15D2A7AAD3600C6024F /* TodoAddViewController.storyboard in Resources */,
				F11BA13E2A792D7300C6024F /* TodoListViewController.storyboard in Resources */,
				F11BA1662A7ABEEE00C6024F /* DatePickerViewController.storyboard in Resources */,
				F19D0A332A77E83E007D96B8 /* HomeView.storyboard in Resources */,
				F11BA14E2A79526000C6024F /* ToDoCompleteCollectionViewCell.xib in Resources */,
				F11BA13F2A792D7700C6024F /* TodoTableViewCell.xib in Resources */,
				F11BA1482A79501700C6024F /* TodoCompleteViewController.storyboard in Resources */,
			);
			runOnlyForDeploymentPostprocessing = 0;
		};
/* End PBXResourcesBuildPhase section */

/* Begin PBXSourcesBuildPhase section */
		F144A3972A78120E007564FD /* Sources */ = {
			isa = PBXSourcesBuildPhase;
			buildActionMask = 2147483647;
			files = (
				F144A3AA2A781256007564FD /* Resource.swift in Sources */,
				F144A39F2A78120E007564FD /* Resource.docc in Sources */,
			);
			runOnlyForDeploymentPostprocessing = 0;
		};
		F19D0A172A77E823007D96B8 /* Sources */ = {
			isa = PBXSourcesBuildPhase;
			buildActionMask = 2147483647;
			files = (
				F1B0717A2A7BEF960047BEBF /* ImageProvider.swift in Sources */,
				F11BA16B2A7AC61C00C6024F /* Date+Format.swift in Sources */,
				F11BA14D2A79525500C6024F /* ToDoCompleteCollectionViewCell.swift in Sources */,
				F11BA1502A7962EE00C6024F /* UISwitch+.swift in Sources */,
				F11BA13C2A79262600C6024F /* TodoTableViewCell.swift in Sources */,
				F144A3AC2A78143C007564FD /* NSObject+.swift in Sources */,
				F11BA1652A7ABEDE00C6024F /* DatePickerViewController.swift in Sources */,
				F11BA1472A794CA500C6024F /* TodoCompleteViewController.swift in Sources */,
				F11BA1562A7AA95A00C6024F /* TodoRepository.swift in Sources */,
				F11BA1372A79208E00C6024F /* Todo.swift in Sources */,
				F11BA1522A79705B00C6024F /* UINavigationBar+.swift in Sources */,
				F19D0A232A77E823007D96B8 /* TodoViewController.swift in Sources */,
				F11BA1692A7AC13200C6024F /* DatePickerPresentationController.swift in Sources */,
				F19D0A352A77E875007D96B8 /* TodoListViewController.swift in Sources */,
				F11BA15C2A7AACC800C6024F /* TodoAddViewController.swift in Sources */,
				F1B0717C2A7C137E0047BEBF /* UIImage+.swift in Sources */,
				F11BA1582A7AA96200C6024F /* TodoProvider.swift in Sources */,
				F19D0A1F2A77E823007D96B8 /* AppDelegate.swift in Sources */,
				F11BA15F2A7AB9DE00C6024F /* UIView+Design.swift in Sources */,
				F1B071782A7BECE40047BEBF /* UIViewController+.swift in Sources */,
				F19D0A212A77E823007D96B8 /* SceneDelegate.swift in Sources */,
			);
			runOnlyForDeploymentPostprocessing = 0;
		};
/* End PBXSourcesBuildPhase section */

/* Begin PBXTargetDependency section */
		F144A3A22A78120E007564FD /* PBXTargetDependency */ = {
			isa = PBXTargetDependency;
			target = F144A39A2A78120E007564FD /* Resource */;
			targetProxy = F144A3A12A78120E007564FD /* PBXContainerItemProxy */;
		};
/* End PBXTargetDependency section */

/* Begin PBXVariantGroup section */
		F19D0A292A77E825007D96B8 /* LaunchScreen.storyboard */ = {
			isa = PBXVariantGroup;
			children = (
				F19D0A2A2A77E825007D96B8 /* Base */,
			);
			name = LaunchScreen.storyboard;
			sourceTree = "<group>";
		};
/* End PBXVariantGroup section */

/* Begin XCBuildConfiguration section */
		F144A3A62A78120E007564FD /* Debug */ = {
			isa = XCBuildConfiguration;
			buildSettings = {
				CODE_SIGN_STYLE = Automatic;
				CURRENT_PROJECT_VERSION = 1;
				DEFINES_MODULE = YES;
				DEVELOPMENT_TEAM = KD3GVSQ9P4;
				DYLIB_COMPATIBILITY_VERSION = 1;
				DYLIB_CURRENT_VERSION = 1;
				DYLIB_INSTALL_NAME_BASE = "@rpath";
				GENERATE_INFOPLIST_FILE = YES;
				INFOPLIST_KEY_NSHumanReadableCopyright = "";
				INSTALL_PATH = "$(LOCAL_LIBRARY_DIR)/Frameworks";
				LD_RUNPATH_SEARCH_PATHS = (
					"$(inherited)",
					"@executable_path/Frameworks",
					"@loader_path/Frameworks",
				);
				MARKETING_VERSION = 1.0;
				PRODUCT_BUNDLE_IDENTIFIER = co.godo.Resource;
				PRODUCT_NAME = "$(TARGET_NAME:c99extidentifier)";
				SKIP_INSTALL = YES;
				SWIFT_EMIT_LOC_STRINGS = YES;
				SWIFT_VERSION = 5.0;
				TARGETED_DEVICE_FAMILY = "1,2";
				VERSIONING_SYSTEM = "apple-generic";
				VERSION_INFO_PREFIX = "";
			};
			name = Debug;
		};
		F144A3A72A78120E007564FD /* Release */ = {
			isa = XCBuildConfiguration;
			buildSettings = {
				CODE_SIGN_STYLE = Automatic;
				CURRENT_PROJECT_VERSION = 1;
				DEFINES_MODULE = YES;
				DEVELOPMENT_TEAM = KD3GVSQ9P4;
				DYLIB_COMPATIBILITY_VERSION = 1;
				DYLIB_CURRENT_VERSION = 1;
				DYLIB_INSTALL_NAME_BASE = "@rpath";
				GENERATE_INFOPLIST_FILE = YES;
				INFOPLIST_KEY_NSHumanReadableCopyright = "";
				INSTALL_PATH = "$(LOCAL_LIBRARY_DIR)/Frameworks";
				LD_RUNPATH_SEARCH_PATHS = (
					"$(inherited)",
					"@executable_path/Frameworks",
					"@loader_path/Frameworks",
				);
				MARKETING_VERSION = 1.0;
				PRODUCT_BUNDLE_IDENTIFIER = co.godo.Resource;
				PRODUCT_NAME = "$(TARGET_NAME:c99extidentifier)";
				SKIP_INSTALL = YES;
				SWIFT_EMIT_LOC_STRINGS = YES;
				SWIFT_VERSION = 5.0;
				TARGETED_DEVICE_FAMILY = "1,2";
				VERSIONING_SYSTEM = "apple-generic";
				VERSION_INFO_PREFIX = "";
			};
			name = Release;
		};
		F19D0A2D2A77E825007D96B8 /* Debug */ = {
			isa = XCBuildConfiguration;
			buildSettings = {
				ALWAYS_SEARCH_USER_PATHS = NO;
				CLANG_ANALYZER_NONNULL = YES;
				CLANG_ANALYZER_NUMBER_OBJECT_CONVERSION = YES_AGGRESSIVE;
				CLANG_CXX_LANGUAGE_STANDARD = "gnu++20";
				CLANG_ENABLE_MODULES = YES;
				CLANG_ENABLE_OBJC_ARC = YES;
				CLANG_ENABLE_OBJC_WEAK = YES;
				CLANG_WARN_BLOCK_CAPTURE_AUTORELEASING = YES;
				CLANG_WARN_BOOL_CONVERSION = YES;
				CLANG_WARN_COMMA = YES;
				CLANG_WARN_CONSTANT_CONVERSION = YES;
				CLANG_WARN_DEPRECATED_OBJC_IMPLEMENTATIONS = YES;
				CLANG_WARN_DIRECT_OBJC_ISA_USAGE = YES_ERROR;
				CLANG_WARN_DOCUMENTATION_COMMENTS = YES;
				CLANG_WARN_EMPTY_BODY = YES;
				CLANG_WARN_ENUM_CONVERSION = YES;
				CLANG_WARN_INFINITE_RECURSION = YES;
				CLANG_WARN_INT_CONVERSION = YES;
				CLANG_WARN_NON_LITERAL_NULL_CONVERSION = YES;
				CLANG_WARN_OBJC_IMPLICIT_RETAIN_SELF = YES;
				CLANG_WARN_OBJC_LITERAL_CONVERSION = YES;
				CLANG_WARN_OBJC_ROOT_CLASS = YES_ERROR;
				CLANG_WARN_QUOTED_INCLUDE_IN_FRAMEWORK_HEADER = YES;
				CLANG_WARN_RANGE_LOOP_ANALYSIS = YES;
				CLANG_WARN_STRICT_PROTOTYPES = YES;
				CLANG_WARN_SUSPICIOUS_MOVE = YES;
				CLANG_WARN_UNGUARDED_AVAILABILITY = YES_AGGRESSIVE;
				CLANG_WARN_UNREACHABLE_CODE = YES;
				CLANG_WARN__DUPLICATE_METHOD_MATCH = YES;
				COPY_PHASE_STRIP = NO;
				DEBUG_INFORMATION_FORMAT = dwarf;
				ENABLE_STRICT_OBJC_MSGSEND = YES;
				ENABLE_TESTABILITY = YES;
				GCC_C_LANGUAGE_STANDARD = gnu11;
				GCC_DYNAMIC_NO_PIC = NO;
				GCC_NO_COMMON_BLOCKS = YES;
				GCC_OPTIMIZATION_LEVEL = 0;
				GCC_PREPROCESSOR_DEFINITIONS = (
					"DEBUG=1",
					"$(inherited)",
				);
				GCC_WARN_64_TO_32_BIT_CONVERSION = YES;
				GCC_WARN_ABOUT_RETURN_TYPE = YES_ERROR;
				GCC_WARN_UNDECLARED_SELECTOR = YES;
				GCC_WARN_UNINITIALIZED_AUTOS = YES_AGGRESSIVE;
				GCC_WARN_UNUSED_FUNCTION = YES;
				GCC_WARN_UNUSED_VARIABLE = YES;
				IPHONEOS_DEPLOYMENT_TARGET = 16.2;
				MTL_ENABLE_DEBUG_INFO = INCLUDE_SOURCE;
				MTL_FAST_MATH = YES;
				ONLY_ACTIVE_ARCH = YES;
				SDKROOT = iphoneos;
				SWIFT_ACTIVE_COMPILATION_CONDITIONS = DEBUG;
				SWIFT_OPTIMIZATION_LEVEL = "-Onone";
			};
			name = Debug;
		};
		F19D0A2E2A77E825007D96B8 /* Release */ = {
			isa = XCBuildConfiguration;
			buildSettings = {
				ALWAYS_SEARCH_USER_PATHS = NO;
				CLANG_ANALYZER_NONNULL = YES;
				CLANG_ANALYZER_NUMBER_OBJECT_CONVERSION = YES_AGGRESSIVE;
				CLANG_CXX_LANGUAGE_STANDARD = "gnu++20";
				CLANG_ENABLE_MODULES = YES;
				CLANG_ENABLE_OBJC_ARC = YES;
				CLANG_ENABLE_OBJC_WEAK = YES;
				CLANG_WARN_BLOCK_CAPTURE_AUTORELEASING = YES;
				CLANG_WARN_BOOL_CONVERSION = YES;
				CLANG_WARN_COMMA = YES;
				CLANG_WARN_CONSTANT_CONVERSION = YES;
				CLANG_WARN_DEPRECATED_OBJC_IMPLEMENTATIONS = YES;
				CLANG_WARN_DIRECT_OBJC_ISA_USAGE = YES_ERROR;
				CLANG_WARN_DOCUMENTATION_COMMENTS = YES;
				CLANG_WARN_EMPTY_BODY = YES;
				CLANG_WARN_ENUM_CONVERSION = YES;
				CLANG_WARN_INFINITE_RECURSION = YES;
				CLANG_WARN_INT_CONVERSION = YES;
				CLANG_WARN_NON_LITERAL_NULL_CONVERSION = YES;
				CLANG_WARN_OBJC_IMPLICIT_RETAIN_SELF = YES;
				CLANG_WARN_OBJC_LITERAL_CONVERSION = YES;
				CLANG_WARN_OBJC_ROOT_CLASS = YES_ERROR;
				CLANG_WARN_QUOTED_INCLUDE_IN_FRAMEWORK_HEADER = YES;
				CLANG_WARN_RANGE_LOOP_ANALYSIS = YES;
				CLANG_WARN_STRICT_PROTOTYPES = YES;
				CLANG_WARN_SUSPICIOUS_MOVE = YES;
				CLANG_WARN_UNGUARDED_AVAILABILITY = YES_AGGRESSIVE;
				CLANG_WARN_UNREACHABLE_CODE = YES;
				CLANG_WARN__DUPLICATE_METHOD_MATCH = YES;
				COPY_PHASE_STRIP = NO;
				DEBUG_INFORMATION_FORMAT = "dwarf-with-dsym";
				ENABLE_NS_ASSERTIONS = NO;
				ENABLE_STRICT_OBJC_MSGSEND = YES;
				GCC_C_LANGUAGE_STANDARD = gnu11;
				GCC_NO_COMMON_BLOCKS = YES;
				GCC_WARN_64_TO_32_BIT_CONVERSION = YES;
				GCC_WARN_ABOUT_RETURN_TYPE = YES_ERROR;
				GCC_WARN_UNDECLARED_SELECTOR = YES;
				GCC_WARN_UNINITIALIZED_AUTOS = YES_AGGRESSIVE;
				GCC_WARN_UNUSED_FUNCTION = YES;
				GCC_WARN_UNUSED_VARIABLE = YES;
				IPHONEOS_DEPLOYMENT_TARGET = 16.2;
				MTL_ENABLE_DEBUG_INFO = NO;
				MTL_FAST_MATH = YES;
				SDKROOT = iphoneos;
				SWIFT_COMPILATION_MODE = wholemodule;
				SWIFT_OPTIMIZATION_LEVEL = "-O";
				VALIDATE_PRODUCT = YES;
			};
			name = Release;
		};
		F19D0A302A77E825007D96B8 /* Debug */ = {
			isa = XCBuildConfiguration;
			buildSettings = {
				ALWAYS_EMBED_SWIFT_STANDARD_LIBRARIES = YES;
				ASSETCATALOG_COMPILER_APPICON_NAME = AppIcon;
				ASSETCATALOG_COMPILER_GLOBAL_ACCENT_COLOR_NAME = AccentColor;
				CODE_SIGN_STYLE = Automatic;
				CURRENT_PROJECT_VERSION = 1;
				DEVELOPMENT_TEAM = KD3GVSQ9P4;
				GENERATE_INFOPLIST_FILE = YES;
				INFOPLIST_FILE = ToDoApp/App/Info.plist;
				INFOPLIST_KEY_NSPhotoLibraryUsageDescription = "갤러리 접근이 필요합니다.";
				INFOPLIST_KEY_UIApplicationSupportsIndirectInputEvents = YES;
				INFOPLIST_KEY_UILaunchStoryboardName = LaunchScreen;
				INFOPLIST_KEY_UIMainStoryboardFile = HomeView;
				INFOPLIST_KEY_UISupportedInterfaceOrientations_iPad = "UIInterfaceOrientationPortrait UIInterfaceOrientationPortraitUpsideDown UIInterfaceOrientationLandscapeLeft UIInterfaceOrientationLandscapeRight";
				INFOPLIST_KEY_UISupportedInterfaceOrientations_iPhone = "UIInterfaceOrientationPortrait UIInterfaceOrientationLandscapeLeft UIInterfaceOrientationLandscapeRight";
				LD_RUNPATH_SEARCH_PATHS = (
					"$(inherited)",
					"@executable_path/Frameworks",
				);
				MARKETING_VERSION = 1.0;
				PRODUCT_BUNDLE_IDENTIFIER = co.godo.ToDoApp;
				PRODUCT_NAME = "$(TARGET_NAME)";
				SWIFT_EMIT_LOC_STRINGS = YES;
				SWIFT_VERSION = 5.0;
				TARGETED_DEVICE_FAMILY = "1,2";
			};
			name = Debug;
		};
		F19D0A312A77E825007D96B8 /* Release */ = {
			isa = XCBuildConfiguration;
			buildSettings = {
				ALWAYS_EMBED_SWIFT_STANDARD_LIBRARIES = YES;
				ASSETCATALOG_COMPILER_APPICON_NAME = AppIcon;
				ASSETCATALOG_COMPILER_GLOBAL_ACCENT_COLOR_NAME = AccentColor;
				CODE_SIGN_STYLE = Automatic;
				CURRENT_PROJECT_VERSION = 1;
				DEVELOPMENT_TEAM = KD3GVSQ9P4;
				GENERATE_INFOPLIST_FILE = YES;
				INFOPLIST_FILE = ToDoApp/App/Info.plist;
				INFOPLIST_KEY_NSPhotoLibraryUsageDescription = "갤러리 접근이 필요합니다.";
				INFOPLIST_KEY_UIApplicationSupportsIndirectInputEvents = YES;
				INFOPLIST_KEY_UILaunchStoryboardName = LaunchScreen;
				INFOPLIST_KEY_UIMainStoryboardFile = HomeView;
				INFOPLIST_KEY_UISupportedInterfaceOrientations_iPad = "UIInterfaceOrientationPortrait UIInterfaceOrientationPortraitUpsideDown UIInterfaceOrientationLandscapeLeft UIInterfaceOrientationLandscapeRight";
				INFOPLIST_KEY_UISupportedInterfaceOrientations_iPhone = "UIInterfaceOrientationPortrait UIInterfaceOrientationLandscapeLeft UIInterfaceOrientationLandscapeRight";
				LD_RUNPATH_SEARCH_PATHS = (
					"$(inherited)",
					"@executable_path/Frameworks",
				);
				MARKETING_VERSION = 1.0;
				PRODUCT_BUNDLE_IDENTIFIER = co.godo.ToDoApp;
				PRODUCT_NAME = "$(TARGET_NAME)";
				SWIFT_EMIT_LOC_STRINGS = YES;
				SWIFT_VERSION = 5.0;
				TARGETED_DEVICE_FAMILY = "1,2";
			};
			name = Release;
		};
/* End XCBuildConfiguration section */

/* Begin XCConfigurationList section */
		F144A3A52A78120E007564FD /* Build configuration list for PBXNativeTarget "Resource" */ = {
			isa = XCConfigurationList;
			buildConfigurations = (
				F144A3A62A78120E007564FD /* Debug */,
				F144A3A72A78120E007564FD /* Release */,
			);
			defaultConfigurationIsVisible = 0;
			defaultConfigurationName = Release;
		};
		F19D0A162A77E823007D96B8 /* Build configuration list for PBXProject "ToDoApp" */ = {
			isa = XCConfigurationList;
			buildConfigurations = (
				F19D0A2D2A77E825007D96B8 /* Debug */,
				F19D0A2E2A77E825007D96B8 /* Release */,
			);
			defaultConfigurationIsVisible = 0;
			defaultConfigurationName = Release;
		};
		F19D0A2F2A77E825007D96B8 /* Build configuration list for PBXNativeTarget "ToDoApp" */ = {
			isa = XCConfigurationList;
			buildConfigurations = (
				F19D0A302A77E825007D96B8 /* Debug */,
				F19D0A312A77E825007D96B8 /* Release */,
			);
			defaultConfigurationIsVisible = 0;
			defaultConfigurationName = Release;
		};
/* End XCConfigurationList section */
	};
	rootObject = F19D0A132A77E823007D96B8 /* Project object */;
}
